
Microsoft Visual Studio Solution File, Format Version 12.00
# Visual Studio Version 16
VisualStudioVersion = 16.0.30907.101
MinimumVisualStudioVersion = 10.0.40219.1
Project("{FAE04EC0-301F-11D3-BF4B-00C04F79EFBC}") = "FilmDemoWebApplication", "FilmDemoWebApplication.csproj", "{8DFDB088-75C3-4027-9732-A4F1B5C3BB42}"
EndProject
Project("{FAE04EC0-301F-11D3-BF4B-00C04F79EFBC}") = "FilmDemoWebApplication.Domain", "..\FilmDemoWebApplication.Domain\FilmDemoWebApplication.Domain.csproj", "{92722F12-1AB4-448A-8BBB-D428D982AE7B}"
EndProject
Global
	GlobalSection(SolutionConfigurationPlatforms) = preSolution
		Debug|Any CPU = Debug|Any CPU
		Release|Any CPU = Release|Any CPU
	EndGlobalSection
	GlobalSection(ProjectConfigurationPlatforms) = postSolution
		{8DFDB088-75C3-4027-9732-A4F1B5C3BB42}.Debug|Any CPU.ActiveCfg = Debug|Any CPU
		{8DFDB088-75C3-4027-9732-A4F1B5C3BB42}.Debug|Any CPU.Build.0 = Debug|Any CPU
		{8DFDB088-75C3-4027-9732-A4F1B5C3BB42}.Release|Any CPU.ActiveCfg = Release|Any CPU
		{8DFDB088-75C3-4027-9732-A4F1B5C3BB42}.Release|Any CPU.Build.0 = Release|Any CPU
		{92722F12-1AB4-448A-8BBB-D428D982AE7B}.Debug|Any CPU.ActiveCfg = Debug|Any CPU
		{92722F12-1AB4-448A-8BBB-D428D982AE7B}.Debug|Any CPU.Build.0 = Debug|Any CPU
		{92722F12-1AB4-448A-8BBB-D428D982AE7B}.Release|Any CPU.ActiveCfg = Release|Any CPU
		{92722F12-1AB4-448A-8BBB-D428D982AE7B}.Release|Any CPU.Build.0 = Release|Any CPU
	EndGlobalSection
	GlobalSection(SolutionProperties) = preSolution
		HideSolutionNode = FALSE
	EndGlobalSection
	GlobalSection(ExtensibilityGlobals) = postSolution
		SolutionGuid = {1CCB00F6-8D19-442E-A17F-4C9F08852E87}
	EndGlobalSection
EndGlobal
