
Microsoft Visual Studio Solution File, Format Version 12.00
# Visual Studio Version 16
VisualStudioVersion = 16.0.30907.101
MinimumVisualStudioVersion = 10.0.40219.1
Project("{9A19103F-16F7-4668-BE54-9A1E7A4F7556}") = "IkommAcademyDag_2", "IkommAcademyDag_2\IkommAcademyDag_2.csproj", "{325DE432-8E8D-4A36-9256-E82E6038C70D}"
EndProject
Project("{FAE04EC0-301F-11D3-BF4B-00C04F79EFBC}") = "IKOMM.Library", "IKOMM.Library\IKOMM.Library.csproj", "{0D42F09B-1C96-470E-8DDF-A739EEBE8867}"
EndProject
Project("{FAE04EC0-301F-11D3-BF4B-00C04F79EFBC}") = "EmployeeManagement", "Lab_Day_2\EmployeeManagement.csproj", "{621C62D3-366C-48C0-A4BA-300903D98A96}"
EndProject
Global
	GlobalSection(SolutionConfigurationPlatforms) = preSolution
		Debug|Any CPU = Debug|Any CPU
		Release|Any CPU = Release|Any CPU
	EndGlobalSection
	GlobalSection(ProjectConfigurationPlatforms) = postSolution
		{325DE432-8E8D-4A36-9256-E82E6038C70D}.Debug|Any CPU.ActiveCfg = Debug|Any CPU
		{325DE432-8E8D-4A36-9256-E82E6038C70D}.Debug|Any CPU.Build.0 = Debug|Any CPU
		{325DE432-8E8D-4A36-9256-E82E6038C70D}.Release|Any CPU.ActiveCfg = Release|Any CPU
		{325DE432-8E8D-4A36-9256-E82E6038C70D}.Release|Any CPU.Build.0 = Release|Any CPU
		{0D42F09B-1C96-470E-8DDF-A739EEBE8867}.Debug|Any CPU.ActiveCfg = Debug|Any CPU
		{0D42F09B-1C96-470E-8DDF-A739EEBE8867}.Debug|Any CPU.Build.0 = Debug|Any CPU
		{0D42F09B-1C96-470E-8DDF-A739EEBE8867}.Release|Any CPU.ActiveCfg = Release|Any CPU
		{0D42F09B-1C96-470E-8DDF-A739EEBE8867}.Release|Any CPU.Build.0 = Release|Any CPU
		{621C62D3-366C-48C0-A4BA-300903D98A96}.Debug|Any CPU.ActiveCfg = Debug|Any CPU
		{621C62D3-366C-48C0-A4BA-300903D98A96}.Debug|Any CPU.Build.0 = Debug|Any CPU
		{621C62D3-366C-48C0-A4BA-300903D98A96}.Release|Any CPU.ActiveCfg = Release|Any CPU
		{621C62D3-366C-48C0-A4BA-300903D98A96}.Release|Any CPU.Build.0 = Release|Any CPU
	EndGlobalSection
	GlobalSection(SolutionProperties) = preSolution
		HideSolutionNode = FALSE
	EndGlobalSection
	GlobalSection(ExtensibilityGlobals) = postSolution
		SolutionGuid = {1CD89DF2-141B-4EC5-8ADB-13323D92B5D8}
	EndGlobalSection
EndGlobal
