
Microsoft Visual Studio Solution File, Format Version 12.00
# Visual Studio Version 16
VisualStudioVersion = 16.0.30907.101
MinimumVisualStudioVersion = 10.0.40219.1
Project("{FAE04EC0-301F-11D3-BF4B-00C04F79EFBC}") = "Exercise MVP aspDotNet", "Exercise MVP aspDotNet.csproj", "{AC310ADB-BDD1-4618-BDBA-740293F8183F}"
EndProject
Global
	GlobalSection(SolutionConfigurationPlatforms) = preSolution
		Debug|Any CPU = Debug|Any CPU
		Release|Any CPU = Release|Any CPU
	EndGlobalSection
	GlobalSection(ProjectConfigurationPlatforms) = postSolution
		{AC310ADB-BDD1-4618-BDBA-740293F8183F}.Debug|Any CPU.ActiveCfg = Debug|Any CPU
		{AC310ADB-BDD1-4618-BDBA-740293F8183F}.Debug|Any CPU.Build.0 = Debug|Any CPU
		{AC310ADB-BDD1-4618-BDBA-740293F8183F}.Release|Any CPU.ActiveCfg = Release|Any CPU
		{AC310ADB-BDD1-4618-BDBA-740293F8183F}.Release|Any CPU.Build.0 = Release|Any CPU
	EndGlobalSection
	GlobalSection(SolutionProperties) = preSolution
		HideSolutionNode = FALSE
	EndGlobalSection
	GlobalSection(ExtensibilityGlobals) = postSolution
		SolutionGuid = {FEDB64A4-DFB4-4B36-BC66-72FA300DB37D}
	EndGlobalSection
EndGlobal
