
Microsoft Visual Studio Solution File, Format Version 12.00
# Visual Studio Version 16
VisualStudioVersion = 16.0.30907.101
MinimumVisualStudioVersion = 10.0.40219.1
Project("{FAE04EC0-301F-11D3-BF4B-00C04F79EFBC}") = "Fibbonacci", "Fibbonacci.csproj", "{BBA45D83-416A-4BC6-BDC9-7D7D7EA03804}"
EndProject
Global
	GlobalSection(SolutionConfigurationPlatforms) = preSolution
		Debug|Any CPU = Debug|Any CPU
		Release|Any CPU = Release|Any CPU
	EndGlobalSection
	GlobalSection(ProjectConfigurationPlatforms) = postSolution
		{BBA45D83-416A-4BC6-BDC9-7D7D7EA03804}.Debug|Any CPU.ActiveCfg = Debug|Any CPU
		{BBA45D83-416A-4BC6-BDC9-7D7D7EA03804}.Debug|Any CPU.Build.0 = Debug|Any CPU
		{BBA45D83-416A-4BC6-BDC9-7D7D7EA03804}.Release|Any CPU.ActiveCfg = Release|Any CPU
		{BBA45D83-416A-4BC6-BDC9-7D7D7EA03804}.Release|Any CPU.Build.0 = Release|Any CPU
	EndGlobalSection
	GlobalSection(SolutionProperties) = preSolution
		HideSolutionNode = FALSE
	EndGlobalSection
	GlobalSection(ExtensibilityGlobals) = postSolution
		SolutionGuid = {D8803A88-9F2E-4EB3-9648-800D28D5B69C}
	EndGlobalSection
EndGlobal
