
Microsoft Visual Studio Solution File, Format Version 12.00
# Visual Studio Version 16
VisualStudioVersion = 16.0.30907.101
MinimumVisualStudioVersion = 10.0.40219.1
Project("{9A19103F-16F7-4668-BE54-9A1E7A4F7556}") = "Ikomm_Academy_Dag_3", "Ikomm_Academy_Dag_3\Ikomm_Academy_Dag_3.csproj", "{58AA07AA-81F8-4D89-AF89-C5B2CECB1162}"
EndProject
Project("{9A19103F-16F7-4668-BE54-9A1E7A4F7556}") = "IKOMM.CustomLibrary", "..\IKOMM.CustomLibrary\IKOMM.CustomLibrary\IKOMM.CustomLibrary.csproj", "{1CF193EB-FDDD-43D7-82A3-71FD503FC3A5}"
EndProject
Global
	GlobalSection(SolutionConfigurationPlatforms) = preSolution
		Debug|Any CPU = Debug|Any CPU
		Release|Any CPU = Release|Any CPU
	EndGlobalSection
	GlobalSection(ProjectConfigurationPlatforms) = postSolution
		{58AA07AA-81F8-4D89-AF89-C5B2CECB1162}.Debug|Any CPU.ActiveCfg = Debug|Any CPU
		{58AA07AA-81F8-4D89-AF89-C5B2CECB1162}.Debug|Any CPU.Build.0 = Debug|Any CPU
		{58AA07AA-81F8-4D89-AF89-C5B2CECB1162}.Release|Any CPU.ActiveCfg = Release|Any CPU
		{58AA07AA-81F8-4D89-AF89-C5B2CECB1162}.Release|Any CPU.Build.0 = Release|Any CPU
		{1CF193EB-FDDD-43D7-82A3-71FD503FC3A5}.Debug|Any CPU.ActiveCfg = Debug|Any CPU
		{1CF193EB-FDDD-43D7-82A3-71FD503FC3A5}.Debug|Any CPU.Build.0 = Debug|Any CPU
		{1CF193EB-FDDD-43D7-82A3-71FD503FC3A5}.Release|Any CPU.ActiveCfg = Release|Any CPU
		{1CF193EB-FDDD-43D7-82A3-71FD503FC3A5}.Release|Any CPU.Build.0 = Release|Any CPU
	EndGlobalSection
	GlobalSection(SolutionProperties) = preSolution
		HideSolutionNode = FALSE
	EndGlobalSection
	GlobalSection(ExtensibilityGlobals) = postSolution
		SolutionGuid = {61EADD39-9F68-47C6-AED0-7EE273AD607B}
	EndGlobalSection
EndGlobal
